// !$*UTF8*$!
{
	archiveVersion = 1;
	classes = {
	};
	objectVersion = 77;
	objects = {

/* Begin PBXContainerItemProxy section */
		EB5DFDE12DB171B500911AF5 /* PBXContainerItemProxy */ = {
			isa = PBXContainerItemProxy;
			containerPortal = EB5DFDC82DB171B200911AF5 /* Project object */;
			proxyType = 1;
			remoteGlobalIDString = EB5DFDCF2DB171B200911AF5;
			remoteInfo = DemoSwiftApp;
		};
		EB5DFDEB2DB171B500911AF5 /* PBXContainerItemProxy */ = {
			isa = PBXContainerItemProxy;
			containerPortal = EB5DFDC82DB171B200911AF5 /* Project object */;
			proxyType = 1;
			remoteGlobalIDString = EB5DFDCF2DB171B200911AF5;
			remoteInfo = DemoSwiftApp;
		};
/* End PBXContainerItemProxy section */

/* Begin PBXFileReference section */
		EB5DFDD02DB171B200911AF5 /* DemoSwiftApp.app */ = {isa = PBXFileReference; explicitFileType = wrapper.application; includeInIndex = 0; path = DemoSwiftApp.app; sourceTree = BUILT_PRODUCTS_DIR; };
		EB5DFDE02DB171B500911AF5 /* DemoSwiftAppTests.xctest */ = {isa = PBXFileReference; explicitFileType = wrapper.cfbundle; includeInIndex = 0; path = DemoSwiftAppTests.xctest; sourceTree = BUILT_PRODUCTS_DIR; };
		EB5DFDEA2DB171B500911AF5 /* DemoSwiftAppUITests.xctest */ = {isa = PBXFileReference; explicitFileType = wrapper.cfbundle; includeInIndex = 0; path = DemoSwiftAppUITests.xctest; sourceTree = BUILT_PRODUCTS_DIR; };
/* End PBXFileReference section */

/* Begin PBXFileSystemSynchronizedRootGroup section */
		EB5DFDD22DB171B200911AF5 /* DemoSwiftApp */ = {
			isa = PBXFileSystemSynchronizedRootGroup;
			path = DemoSwiftApp;
			sourceTree = "<group>";
		};
		EB5DFDE32DB171B500911AF5 /* DemoSwiftAppTests */ = {
			isa = PBXFileSystemSynchronizedRootGroup;
			path = DemoSwiftAppTests;
			sourceTree = "<group>";
		};
		EB5DFDED2DB171B500911AF5 /* DemoSwiftAppUITests */ = {
			isa = PBXFileSystemSynchronizedRootGroup;
			path = DemoSwiftAppUITests;
			sourceTree = "<group>";
		};
/* End PBXFileSystemSynchronizedRootGroup section */

/* Begin PBXFrameworksBuildPhase section */
		EB5DFDCD2DB171B200911AF5 /* Frameworks */ = {
			isa = PBXFrameworksBuildPhase;
			buildActionMask = 2147483647;
			files = (
			);
			runOnlyForDeploymentPostprocessing = 0;
		};
		EB5DFDDD2DB171B500911AF5 /* Frameworks */ = {
			isa = PBXFrameworksBuildPhase;
			buildActionMask = 2147483647;
			files = (
			);
			runOnlyForDeploymentPostprocessing = 0;
		};
		EB5DFDE72DB171B500911AF5 /* Frameworks */ = {
			isa = PBXFrameworksBuildPhase;
			buildActionMask = 2147483647;
			files = (
			);
			runOnlyForDeploymentPostprocessing = 0;
		};
/* End PBXFrameworksBuildPhase section */

/* Begin PBXGroup section */
		EB5DFDC72DB171B200911AF5 = {
			isa = PBXGroup;
			children = (
				EB5DFDD22DB171B200911AF5 /* DemoSwiftApp */,
				EB5DFDE32DB171B500911AF5 /* DemoSwiftAppTests */,
				EB5DFDED2DB171B500911AF5 /* DemoSwiftAppUITests */,
				EB5DFDD12DB171B200911AF5 /* Products */,
			);
			sourceTree = "<group>";
		};
		EB5DFDD12DB171B200911AF5 /* Products */ = {
			isa = PBXGroup;
			children = (
				EB5DFDD02DB171B200911AF5 /* DemoSwiftApp.app */,
				EB5DFDE02DB171B500911AF5 /* DemoSwiftAppTests.xctest */,
				EB5DFDEA2DB171B500911AF5 /* DemoSwiftAppUITests.xctest */,
			);
			name = Products;
			sourceTree = "<group>";
		};
/* End PBXGroup section */

/* Begin PBXNativeTarget section */
		EB5DFDCF2DB171B200911AF5 /* DemoSwiftApp */ = {
			isa = PBXNativeTarget;
			buildConfigurationList = EB5DFDF42DB171B500911AF5 /* Build configuration list for PBXNativeTarget "DemoSwiftApp" */;
			buildPhases = (
				EB5DFDCC2DB171B200911AF5 /* Sources */,
				EB5DFDCD2DB171B200911AF5 /* Frameworks */,
				EB5DFDCE2DB171B200911AF5 /* Resources */,
			);
			buildRules = (
			);
			dependencies = (
			);
			fileSystemSynchronizedGroups = (
				EB5DFDD22DB171B200911AF5 /* DemoSwiftApp */,
			);
			name = DemoSwiftApp;
			packageProductDependencies = (
			);
			productName = DemoSwiftApp;
			productReference = EB5DFDD02DB171B200911AF5 /* DemoSwiftApp.app */;
			productType = "com.apple.product-type.application";
		};
		EB5DFDDF2DB171B500911AF5 /* DemoSwiftAppTests */ = {
			isa = PBXNativeTarget;
			buildConfigurationList = EB5DFDF72DB171B500911AF5 /* Build configuration list for PBXNativeTarget "DemoSwiftAppTests" */;
			buildPhases = (
				EB5DFDDC2DB171B500911AF5 /* Sources */,
				EB5DFDDD2DB171B500911AF5 /* Frameworks */,
				EB5DFDDE2DB171B500911AF5 /* Resources */,
			);
			buildRules = (
			);
			dependencies = (
				EB5DFDE22DB171B500911AF5 /* PBXTargetDependency */,
			);
			fileSystemSynchronizedGroups = (
				EB5DFDE32DB171B500911AF5 /* DemoSwiftAppTests */,
			);
			name = DemoSwiftAppTests;
			packageProductDependencies = (
			);
			productName = DemoSwiftAppTests;
			productReference = EB5DFDE02DB171B500911AF5 /* DemoSwiftAppTests.xctest */;
			productType = "com.apple.product-type.bundle.unit-test";
		};
		EB5DFDE92DB171B500911AF5 /* DemoSwiftAppUITests */ = {
			isa = PBXNativeTarget;
			buildConfigurationList = EB5DFDFA2DB171B500911AF5 /* Build configuration list for PBXNativeTarget "DemoSwiftAppUITests" */;
			buildPhases = (
				EB5DFDE62DB171B500911AF5 /* Sources */,
				EB5DFDE72DB171B500911AF5 /* Frameworks */,
				EB5DFDE82DB171B500911AF5 /* Resources */,
			);
			buildRules = (
			);
			dependencies = (
				EB5DFDEC2DB171B500911AF5 /* PBXTargetDependency */,
			);
			fileSystemSynchronizedGroups = (
				EB5DFDED2DB171B500911AF5 /* DemoSwiftAppUITests */,
			);
			name = DemoSwiftAppUITests;
			packageProductDependencies = (
			);
			productName = DemoSwiftAppUITests;
			productReference = EB5DFDEA2DB171B500911AF5 /* DemoSwiftAppUITests.xctest */;
			productType = "com.apple.product-type.bundle.ui-testing";
		};
/* End PBXNativeTarget section */

/* Begin PBXProject section */
		EB5DFDC82DB171B200911AF5 /* Project object */ = {
			isa = PBXProject;
			attributes = {
				BuildIndependentTargetsInParallel = 1;
				LastSwiftUpdateCheck = 1620;
				LastUpgradeCheck = 1620;
				TargetAttributes = {
					EB5DFDCF2DB171B200911AF5 = {
						CreatedOnToolsVersion = 16.2;
					};
					EB5DFDDF2DB171B500911AF5 = {
						CreatedOnToolsVersion = 16.2;
						TestTargetID = EB5DFDCF2DB171B200911AF5;
					};
					EB5DFDE92DB171B500911AF5 = {
						CreatedOnToolsVersion = 16.2;
						TestTargetID = EB5DFDCF2DB171B200911AF5;
					};
				};
			};
			buildConfigurationList = EB5DFDCB2DB171B200911AF5 /* Build configuration list for PBXProject "DemoSwiftApp" */;
			developmentRegion = en;
			hasScannedForEncodings = 0;
			knownRegions = (
				en,
				Base,
			);
			mainGroup = EB5DFDC72DB171B200911AF5;
			minimizedProjectReferenceProxies = 1;
			preferredProjectObjectVersion = 77;
			productRefGroup = EB5DFDD12DB171B200911AF5 /* Products */;
			projectDirPath = "";
			projectRoot = "";
			targets = (
				EB5DFDCF2DB171B200911AF5 /* DemoSwiftApp */,
				EB5DFDDF2DB171B500911AF5 /* DemoSwiftAppTests */,
				EB5DFDE92DB171B500911AF5 /* DemoSwiftAppUITests */,
			);
		};
/* End PBXProject section */

/* Begin PBXResourcesBuildPhase section */
		EB5DFDCE2DB171B200911AF5 /* Resources */ = {
			isa = PBXResourcesBuildPhase;
			buildActionMask = 2147483647;
			files = (
			);
			runOnlyForDeploymentPostprocessing = 0;
		};
		EB5DFDDE2DB171B500911AF5 /* Resources */ = {
			isa = PBXResourcesBuildPhase;
			buildActionMask = 2147483647;
			files = (
			);
			runOnlyForDeploymentPostprocessing = 0;
		};
		EB5DFDE82DB171B500911AF5 /* Resources */ = {
			isa = PBXResourcesBuildPhase;
			buildActionMask = 2147483647;
			files = (
			);
			runOnlyForDeploymentPostprocessing = 0;
		};
/* End PBXResourcesBuildPhase section */

/* Begin PBXSourcesBuildPhase section */
		EB5DFDCC2DB171B200911AF5 /* Sources */ = {
			isa = PBXSourcesBuildPhase;
			buildActionMask = 2147483647;
			files = (
			);
			runOnlyForDeploymentPostprocessing = 0;
		};
		EB5DFDDC2DB171B500911AF5 /* Sources */ = {
			isa = PBXSourcesBuildPhase;
			buildActionMask = 2147483647;
			files = (
			);
			runOnlyForDeploymentPostprocessing = 0;
		};
		EB5DFDE62DB171B500911AF5 /* Sources */ = {
			isa = PBXSourcesBuildPhase;
			buildActionMask = 2147483647;
			files = (
			);
			runOnlyForDeploymentPostprocessing = 0;
		};
/* End PBXSourcesBuildPhase section */

/* Begin PBXTargetDependency section */
		EB5DFDE22DB171B500911AF5 /* PBXTargetDependency */ = {
			isa = PBXTargetDependency;
			target = EB5DFDCF2DB171B200911AF5 /* DemoSwiftApp */;
			targetProxy = EB5DFDE12DB171B500911AF5 /* PBXContainerItemProxy */;
		};
		EB5DFDEC2DB171B500911AF5 /* PBXTargetDependency */ = {
			isa = PBXTargetDependency;
			target = EB5DFDCF2DB171B200911AF5 /* DemoSwiftApp */;
			targetProxy = EB5DFDEB2DB171B500911AF5 /* PBXContainerItemProxy */;
		};
/* End PBXTargetDependency section */

/* Begin XCBuildConfiguration section */
		EB5DFDF22DB171B500911AF5 /* Debug */ = {
			isa = XCBuildConfiguration;
			buildSettings = {
				ALWAYS_SEARCH_USER_PATHS = NO;
				ASSETCATALOG_COMPILER_GENERATE_SWIFT_ASSET_SYMBOL_EXTENSIONS = YES;
				CLANG_ANALYZER_NONNULL = YES;
				CLANG_ANALYZER_NUMBER_OBJECT_CONVERSION = YES_AGGRESSIVE;
				CLANG_CXX_LANGUAGE_STANDARD = "gnu++20";
				CLANG_ENABLE_MODULES = YES;
				CLANG_ENABLE_OBJC_ARC = YES;
				CLANG_ENABLE_OBJC_WEAK = YES;
				CLANG_WARN_BLOCK_CAPTURE_AUTORELEASING = YES;
				CLANG_WARN_BOOL_CONVERSION = YES;
				CLANG_WARN_COMMA = YES;
				CLANG_WARN_CONSTANT_CONVERSION = YES;
				CLANG_WARN_DEPRECATED_OBJC_IMPLEMENTATIONS = YES;
				CLANG_WARN_DIRECT_OBJC_ISA_USAGE = YES_ERROR;
				CLANG_WARN_DOCUMENTATION_COMMENTS = YES;
				CLANG_WARN_EMPTY_BODY = YES;
				CLANG_WARN_ENUM_CONVERSION = YES;
				CLANG_WARN_INFINITE_RECURSION = YES;
				CLANG_WARN_INT_CONVERSION = YES;
				CLANG_WARN_NON_LITERAL_NULL_CONVERSION = YES;
				CLANG_WARN_OBJC_IMPLICIT_RETAIN_SELF = YES;
				CLANG_WARN_OBJC_LITERAL_CONVERSION = YES;
				CLANG_WARN_OBJC_ROOT_CLASS = YES_ERROR;
				CLANG_WARN_QUOTED_INCLUDE_IN_FRAMEWORK_HEADER = YES;
				CLANG_WARN_RANGE_LOOP_ANALYSIS = YES;
				CLANG_WARN_STRICT_PROTOTYPES = YES;
				CLANG_WARN_SUSPICIOUS_MOVE = YES;
				CLANG_WARN_UNGUARDED_AVAILABILITY = YES_AGGRESSIVE;
				CLANG_WARN_UNREACHABLE_CODE = YES;
				CLANG_WARN__DUPLICATE_METHOD_MATCH = YES;
				COPY_PHASE_STRIP = NO;
				DEBUG_INFORMATION_FORMAT = dwarf;
				ENABLE_STRICT_OBJC_MSGSEND = YES;
				ENABLE_TESTABILITY = YES;
				ENABLE_USER_SCRIPT_SANDBOXING = YES;
				GCC_C_LANGUAGE_STANDARD = gnu17;
				GCC_DYNAMIC_NO_PIC = NO;
				GCC_NO_COMMON_BLOCKS = YES;
				GCC_OPTIMIZATION_LEVEL = 0;
				GCC_PREPROCESSOR_DEFINITIONS = (
					"DEBUG=1",
					"$(inherited)",
				);
				GCC_WARN_64_TO_32_BIT_CONVERSION = YES;
				GCC_WARN_ABOUT_RETURN_TYPE = YES_ERROR;
				GCC_WARN_UNDECLARED_SELECTOR = YES;
				GCC_WARN_UNINITIALIZED_AUTOS = YES_AGGRESSIVE;
				GCC_WARN_UNUSED_FUNCTION = YES;
				GCC_WARN_UNUSED_VARIABLE = YES;
				IPHONEOS_DEPLOYMENT_TARGET = 18.2;
				LOCALIZATION_PREFERS_STRING_CATALOGS = YES;
				MTL_ENABLE_DEBUG_INFO = INCLUDE_SOURCE;
				MTL_FAST_MATH = YES;
				ONLY_ACTIVE_ARCH = YES;
				SDKROOT = iphoneos;
				SWIFT_ACTIVE_COMPILATION_CONDITIONS = "DEBUG $(inherited)";
				SWIFT_OPTIMIZATION_LEVEL = "-Onone";
			};
			name = Debug;
		};
		EB5DFDF32DB171B500911AF5 /* Release */ = {
			isa = XCBuildConfiguration;
			buildSettings = {
				ALWAYS_SEARCH_USER_PATHS = NO;
				ASSETCATALOG_COMPILER_GENERATE_SWIFT_ASSET_SYMBOL_EXTENSIONS = YES;
				CLANG_ANALYZER_NONNULL = YES;
				CLANG_ANALYZER_NUMBER_OBJECT_CONVERSION = YES_AGGRESSIVE;
				CLANG_CXX_LANGUAGE_STANDARD = "gnu++20";
				CLANG_ENABLE_MODULES = YES;
				CLANG_ENABLE_OBJC_ARC = YES;
				CLANG_ENABLE_OBJC_WEAK = YES;
				CLANG_WARN_BLOCK_CAPTURE_AUTORELEASING = YES;
				CLANG_WARN_BOOL_CONVERSION = YES;
				CLANG_WARN_COMMA = YES;
				CLANG_WARN_CONSTANT_CONVERSION = YES;
				CLANG_WARN_DEPRECATED_OBJC_IMPLEMENTATIONS = YES;
				CLANG_WARN_DIRECT_OBJC_ISA_USAGE = YES_ERROR;
				CLANG_WARN_DOCUMENTATION_COMMENTS = YES;
				CLANG_WARN_EMPTY_BODY = YES;
				CLANG_WARN_ENUM_CONVERSION = YES;
				CLANG_WARN_INFINITE_RECURSION = YES;
				CLANG_WARN_INT_CONVERSION = YES;
				CLANG_WARN_NON_LITERAL_NULL_CONVERSION = YES;
				CLANG_WARN_OBJC_IMPLICIT_RETAIN_SELF = YES;
				CLANG_WARN_OBJC_LITERAL_CONVERSION = YES;
				CLANG_WARN_OBJC_ROOT_CLASS = YES_ERROR;
				CLANG_WARN_QUOTED_INCLUDE_IN_FRAMEWORK_HEADER = YES;
				CLANG_WARN_RANGE_LOOP_ANALYSIS = YES;
				CLANG_WARN_STRICT_PROTOTYPES = YES;
				CLANG_WARN_SUSPICIOUS_MOVE = YES;
				CLANG_WARN_UNGUARDED_AVAILABILITY = YES_AGGRESSIVE;
				CLANG_WARN_UNREACHABLE_CODE = YES;
				CLANG_WARN__DUPLICATE_METHOD_MATCH = YES;
				COPY_PHASE_STRIP = NO;
				DEBUG_INFORMATION_FORMAT = "dwarf-with-dsym";
				ENABLE_NS_ASSERTIONS = NO;
				ENABLE_STRICT_OBJC_MSGSEND = YES;
				ENABLE_USER_SCRIPT_SANDBOXING = YES;
				GCC_C_LANGUAGE_STANDARD = gnu17;
				GCC_NO_COMMON_BLOCKS = YES;
				GCC_WARN_64_TO_32_BIT_CONVERSION = YES;
				GCC_WARN_ABOUT_RETURN_TYPE = YES_ERROR;
				GCC_WARN_UNDECLARED_SELECTOR = YES;
				GCC_WARN_UNINITIALIZED_AUTOS = YES_AGGRESSIVE;
				GCC_WARN_UNUSED_FUNCTION = YES;
				GCC_WARN_UNUSED_VARIABLE = YES;
				IPHONEOS_DEPLOYMENT_TARGET = 18.2;
				LOCALIZATION_PREFERS_STRING_CATALOGS = YES;
				MTL_ENABLE_DEBUG_INFO = NO;
				MTL_FAST_MATH = YES;
				SDKROOT = iphoneos;
				SWIFT_COMPILATION_MODE = wholemodule;
				VALIDATE_PRODUCT = YES;
			};
			name = Release;
		};
		EB5DFDF52DB171B500911AF5 /* Debug */ = {
			isa = XCBuildConfiguration;
			buildSettings = {
				ASSETCATALOG_COMPILER_APPICON_NAME = AppIcon;
				ASSETCATALOG_COMPILER_GLOBAL_ACCENT_COLOR_NAME = AccentColor;
				CODE_SIGN_STYLE = Automatic;
				CURRENT_PROJECT_VERSION = 1;
				DEVELOPMENT_ASSET_PATHS = "\"DemoSwiftApp/Preview Content\"";
				ENABLE_PREVIEWS = YES;
				GENERATE_INFOPLIST_FILE = YES;
				INFOPLIST_KEY_UIApplicationSceneManifest_Generation = YES;
				INFOPLIST_KEY_UIApplicationSupportsIndirectInputEvents = YES;
				INFOPLIST_KEY_UILaunchScreen_Generation = YES;
				INFOPLIST_KEY_UISupportedInterfaceOrientations_iPad = "UIInterfaceOrientationPortrait UIInterfaceOrientationPortraitUpsideDown UIInterfaceOrientationLandscapeLeft UIInterfaceOrientationLandscapeRight";
				INFOPLIST_KEY_UISupportedInterfaceOrientations_iPhone = "UIInterfaceOrientationPortrait UIInterfaceOrientationLandscapeLeft UIInterfaceOrientationLandscapeRight";
				LD_RUNPATH_SEARCH_PATHS = (
					"$(inherited)",
					"@executable_path/Frameworks",
				);
				MARKETING_VERSION = 1.0;
				PRODUCT_BUNDLE_IDENTIFIER = FirstIOSApp.DemoSwiftApp;
				PRODUCT_NAME = "$(TARGET_NAME)";
				SWIFT_EMIT_LOC_STRINGS = YES;
				SWIFT_VERSION = 5.0;
				TARGETED_DEVICE_FAMILY = "1,2";
			};
			name = Debug;
		};
		EB5DFDF62DB171B500911AF5 /* Release */ = {
			isa = XCBuildConfiguration;
			buildSettings = {
				ASSETCATALOG_COMPILER_APPICON_NAME = AppIcon;
				ASSETCATALOG_COMPILER_GLOBAL_ACCENT_COLOR_NAME = AccentColor;
				CODE_SIGN_STYLE = Automatic;
				CURRENT_PROJECT_VERSION = 1;
				DEVELOPMENT_ASSET_PATHS = "\"DemoSwiftApp/Preview Content\"";
				ENABLE_PREVIEWS = YES;
				GENERATE_INFOPLIST_FILE = YES;
				INFOPLIST_KEY_UIApplicationSceneManifest_Generation = YES;
				INFOPLIST_KEY_UIApplicationSupportsIndirectInputEvents = YES;
				INFOPLIST_KEY_UILaunchScreen_Generation = YES;
				INFOPLIST_KEY_UISupportedInterfaceOrientations_iPad = "UIInterfaceOrientationPortrait UIInterfaceOrientationPortraitUpsideDown UIInterfaceOrientationLandscapeLeft UIInterfaceOrientationLandscapeRight";
				INFOPLIST_KEY_UISupportedInterfaceOrientations_iPhone = "UIInterfaceOrientationPortrait UIInterfaceOrientationLandscapeLeft UIInterfaceOrientationLandscapeRight";
				LD_RUNPATH_SEARCH_PATHS = (
					"$(inherited)",
					"@executable_path/Frameworks",
				);
				MARKETING_VERSION = 1.0;
				PRODUCT_BUNDLE_IDENTIFIER = FirstIOSApp.DemoSwiftApp;
				PRODUCT_NAME = "$(TARGET_NAME)";
				SWIFT_EMIT_LOC_STRINGS = YES;
				SWIFT_VERSION = 5.0;
				TARGETED_DEVICE_FAMILY = "1,2";
			};
			name = Release;
		};
		EB5DFDF82DB171B500911AF5 /* Debug */ = {
			isa = XCBuildConfiguration;
			buildSettings = {
				BUNDLE_LOADER = "$(TEST_HOST)";
				CODE_SIGN_STYLE = Automatic;
				CURRENT_PROJECT_VERSION = 1;
				GENERATE_INFOPLIST_FILE = YES;
				IPHONEOS_DEPLOYMENT_TARGET = 18.2;
				MARKETING_VERSION = 1.0;
				PRODUCT_BUNDLE_IDENTIFIER = FirstIOSApp.DemoSwiftAppTests;
				PRODUCT_NAME = "$(TARGET_NAME)";
				SWIFT_EMIT_LOC_STRINGS = NO;
				SWIFT_VERSION = 5.0;
				TARGETED_DEVICE_FAMILY = "1,2";
				TEST_HOST = "$(BUILT_PRODUCTS_DIR)/DemoSwiftApp.app/$(BUNDLE_EXECUTABLE_FOLDER_PATH)/DemoSwiftApp";
			};
			name = Debug;
		};
		EB5DFDF92DB171B500911AF5 /* Release */ = {
			isa = XCBuildConfiguration;
			buildSettings = {
				BUNDLE_LOADER = "$(TEST_HOST)";
				CODE_SIGN_STYLE = Automatic;
				CURRENT_PROJECT_VERSION = 1;
				GENERATE_INFOPLIST_FILE = YES;
				IPHONEOS_DEPLOYMENT_TARGET = 18.2;
				MARKETING_VERSION = 1.0;
				PRODUCT_BUNDLE_IDENTIFIER = FirstIOSApp.DemoSwiftAppTests;
				PRODUCT_NAME = "$(TARGET_NAME)";
				SWIFT_EMIT_LOC_STRINGS = NO;
				SWIFT_VERSION = 5.0;
				TARGETED_DEVICE_FAMILY = "1,2";
				TEST_HOST = "$(BUILT_PRODUCTS_DIR)/DemoSwiftApp.app/$(BUNDLE_EXECUTABLE_FOLDER_PATH)/DemoSwiftApp";
			};
			name = Release;
		};
		EB5DFDFB2DB171B500911AF5 /* Debug */ = {
			isa = XCBuildConfiguration;
			buildSettings = {
				CODE_SIGN_STYLE = Automatic;
				CURRENT_PROJECT_VERSION = 1;
				GENERATE_INFOPLIST_FILE = YES;
				MARKETING_VERSION = 1.0;
				PRODUCT_BUNDLE_IDENTIFIER = FirstIOSApp.DemoSwiftAppUITests;
				PRODUCT_NAME = "$(TARGET_NAME)";
				SWIFT_EMIT_LOC_STRINGS = NO;
				SWIFT_VERSION = 5.0;
				TARGETED_DEVICE_FAMILY = "1,2";
				TEST_TARGET_NAME = DemoSwiftApp;
			};
			name = Debug;
		};
		EB5DFDFC2DB171B500911AF5 /* Release */ = {
			isa = XCBuildConfiguration;
			buildSettings = {
				CODE_SIGN_STYLE = Automatic;
				CURRENT_PROJECT_VERSION = 1;
				GENERATE_INFOPLIST_FILE = YES;
				MARKETING_VERSION = 1.0;
				PRODUCT_BUNDLE_IDENTIFIER = FirstIOSApp.DemoSwiftAppUITests;
				PRODUCT_NAME = "$(TARGET_NAME)";
				SWIFT_EMIT_LOC_STRINGS = NO;
				SWIFT_VERSION = 5.0;
				TARGETED_DEVICE_FAMILY = "1,2";
				TEST_TARGET_NAME = DemoSwiftApp;
			};
			name = Release;
		};
/* End XCBuildConfiguration section */

/* Begin XCConfigurationList section */
		EB5DFDCB2DB171B200911AF5 /* Build configuration list for PBXProject "DemoSwiftApp" */ = {
			isa = XCConfigurationList;
			buildConfigurations = (
				EB5DFDF22DB171B500911AF5 /* Debug */,
				EB5DFDF32DB171B500911AF5 /* Release */,
			);
			defaultConfigurationIsVisible = 0;
			defaultConfigurationName = Release;
		};
		EB5DFDF42DB171B500911AF5 /* Build configuration list for PBXNativeTarget "DemoSwiftApp" */ = {
			isa = XCConfigurationList;
			buildConfigurations = (
				EB5DFDF52DB171B500911AF5 /* Debug */,
				EB5DFDF62DB171B500911AF5 /* Release */,
			);
			defaultConfigurationIsVisible = 0;
			defaultConfigurationName = Release;
		};
		EB5DFDF72DB171B500911AF5 /* Build configuration list for PBXNativeTarget "DemoSwiftAppTests" */ = {
			isa = XCConfigurationList;
			buildConfigurations = (
				EB5DFDF82DB171B500911AF5 /* Debug */,
				EB5DFDF92DB171B500911AF5 /* Release */,
			);
			defaultConfigurationIsVisible = 0;
			defaultConfigurationName = Release;
		};
		EB5DFDFA2DB171B500911AF5 /* Build configuration list for PBXNativeTarget "DemoSwiftAppUITests" */ = {
			isa = XCConfigurationList;
			buildConfigurations = (
				EB5DFDFB2DB171B500911AF5 /* Debug */,
				EB5DFDFC2DB171B500911AF5 /* Release */,
			);
			defaultConfigurationIsVisible = 0;
			defaultConfigurationName = Release;
		};
/* End XCConfigurationList section */
	};
	rootObject = EB5DFDC82DB171B200911AF5 /* Project object */;
}
